
Microsoft Visual Studio Solution File, Format Version 12.00
# Visual Studio Version 17
VisualStudioVersion = 17.14.36717.8 d17.14
MinimumVisualStudioVersion = 10.0.40219.1
Project("{8BC9CEB8-8B4A-11D0-8D11-00A0C91BC942}") = "attenuation", "attenuation\attenuation.vcxproj", "{96491BF3-BE73-467A-9823-C39FE88B86E9}"
EndProject
Global
	GlobalSection(SolutionConfigurationPlatforms) = preSolution
		Debug|x64 = Debug|x64
		Debug|x86 = Debug|x86
		Release|x64 = Release|x64
		Release|x86 = Release|x86
	EndGlobalSection
	GlobalSection(ProjectConfigurationPlatforms) = postSolution
		{96491BF3-BE73-467A-9823-C39FE88B86E9}.Debug|x64.ActiveCfg = Debug|x64
		{96491BF3-BE73-467A-9823-C39FE88B86E9}.Debug|x64.Build.0 = Debug|x64
		{96491BF3-BE73-467A-9823-C39FE88B86E9}.Debug|x86.ActiveCfg = Debug|Win32
		{96491BF3-BE73-467A-9823-C39FE88B86E9}.Debug|x86.Build.0 = Debug|Win32
		{96491BF3-BE73-467A-9823-C39FE88B86E9}.Release|x64.ActiveCfg = Release|x64
		{96491BF3-BE73-467A-9823-C39FE88B86E9}.Release|x64.Build.0 = Release|x64
		{96491BF3-BE73-467A-9823-C39FE88B86E9}.Release|x86.ActiveCfg = Release|Win32
		{96491BF3-BE73-467A-9823-C39FE88B86E9}.Release|x86.Build.0 = Release|Win32
	EndGlobalSection
	GlobalSection(SolutionProperties) = preSolution
		HideSolutionNode = FALSE
	EndGlobalSection
	GlobalSection(ExtensibilityGlobals) = postSolution
		SolutionGuid = {B0FE20E9-E061-41A2-BF55-030F8C518017}
	EndGlobalSection
EndGlobal
